// !$*UTF8*$!
{
	archiveVersion = 1;
	classes = {
	};
	objectVersion = 56;
	objects = {

/* Begin PBXBuildFile section */
		CE6E15052962D4C000A3CF59 /* AppDelegate.swift in Sources */ = {isa = PBXBuildFile; fileRef = CE6E15042962D4C000A3CF59 /* AppDelegate.swift */; };
		CE6E15072962D4C000A3CF59 /* SceneDelegate.swift in Sources */ = {isa = PBXBuildFile; fileRef = CE6E15062962D4C000A3CF59 /* SceneDelegate.swift */; };
		CE6E15092962D4C000A3CF59 /* ViewController.swift in Sources */ = {isa = PBXBuildFile; fileRef = CE6E15082962D4C000A3CF59 /* ViewController.swift */; };
		CE6E150C2962D4C000A3CF59 /* Main.storyboard in Resources */ = {isa = PBXBuildFile; fileRef = CE6E150A2962D4C000A3CF59 /* Main.storyboard */; };
		CE6E150E2962D4C100A3CF59 /* Assets.xcassets in Resources */ = {isa = PBXBuildFile; fileRef = CE6E150D2962D4C100A3CF59 /* Assets.xcassets */; };
		CE6E15112962D4C100A3CF59 /* LaunchScreen.storyboard in Resources */ = {isa = PBXBuildFile; fileRef = CE6E150F2962D4C100A3CF59 /* LaunchScreen.storyboard */; };
		CE6E151C2962D4C100A3CF59 /* _11Tests.swift in Sources */ = {isa = PBXBuildFile; fileRef = CE6E151B2962D4C100A3CF59 /* _11Tests.swift */; };
		CE6E15262962D4C100A3CF59 /* _11UITests.swift in Sources */ = {isa = PBXBuildFile; fileRef = CE6E15252962D4C100A3CF59 /* _11UITests.swift */; };
		CE6E15282962D4C100A3CF59 /* _11UITestsLaunchTests.swift in Sources */ = {isa = PBXBuildFile; fileRef = CE6E15272962D4C100A3CF59 /* _11UITestsLaunchTests.swift */; };
/* End PBXBuildFile section */

/* Begin PBXContainerItemProxy section */
		CE6E15182962D4C100A3CF59 /* PBXContainerItemProxy */ = {
			isa = PBXContainerItemProxy;
			containerPortal = CE6E14F92962D4C000A3CF59 /* Project object */;
			proxyType = 1;
			remoteGlobalIDString = CE6E15002962D4C000A3CF59;
			remoteInfo = 111;
		};
		CE6E15222962D4C100A3CF59 /* PBXContainerItemProxy */ = {
			isa = PBXContainerItemProxy;
			containerPortal = CE6E14F92962D4C000A3CF59 /* Project object */;
			proxyType = 1;
			remoteGlobalIDString = CE6E15002962D4C000A3CF59;
			remoteInfo = 111;
		};
/* End PBXContainerItemProxy section */

/* Begin PBXFileReference section */
		CE6E15012962D4C000A3CF59 /* 111.app */ = {isa = PBXFileReference; explicitFileType = wrapper.application; includeInIndex = 0; path = 111.app; sourceTree = BUILT_PRODUCTS_DIR; };
		CE6E15042962D4C000A3CF59 /* AppDelegate.swift */ = {isa = PBXFileReference; lastKnownFileType = sourcecode.swift; path = AppDelegate.swift; sourceTree = "<group>"; };
		CE6E15062962D4C000A3CF59 /* SceneDelegate.swift */ = {isa = PBXFileReference; lastKnownFileType = sourcecode.swift; path = SceneDelegate.swift; sourceTree = "<group>"; };
		CE6E15082962D4C000A3CF59 /* ViewController.swift */ = {isa = PBXFileReference; lastKnownFileType = sourcecode.swift; path = ViewController.swift; sourceTree = "<group>"; };
		CE6E150B2962D4C000A3CF59 /* Base */ = {isa = PBXFileReference; lastKnownFileType = file.storyboard; name = Base; path = Base.lproj/Main.storyboard; sourceTree = "<group>"; };
		CE6E150D2962D4C100A3CF59 /* Assets.xcassets */ = {isa = PBXFileReference; lastKnownFileType = folder.assetcatalog; path = Assets.xcassets; sourceTree = "<group>"; };
		CE6E15102962D4C100A3CF59 /* Base */ = {isa = PBXFileReference; lastKnownFileType = file.storyboard; name = Base; path = Base.lproj/LaunchScreen.storyboard; sourceTree = "<group>"; };
		CE6E15122962D4C100A3CF59 /* Info.plist */ = {isa = PBXFileReference; lastKnownFileType = text.plist.xml; path = Info.plist; sourceTree = "<group>"; };
		CE6E15172962D4C100A3CF59 /* 111Tests.xctest */ = {isa = PBXFileReference; explicitFileType = wrapper.cfbundle; includeInIndex = 0; path = 111Tests.xctest; sourceTree = BUILT_PRODUCTS_DIR; };
		CE6E151B2962D4C100A3CF59 /* _11Tests.swift */ = {isa = PBXFileReference; lastKnownFileType = sourcecode.swift; path = _11Tests.swift; sourceTree = "<group>"; };
		CE6E15212962D4C100A3CF59 /* 111UITests.xctest */ = {isa = PBXFileReference; explicitFileType = wrapper.cfbundle; includeInIndex = 0; path = 111UITests.xctest; sourceTree = BUILT_PRODUCTS_DIR; };
		CE6E15252962D4C100A3CF59 /* _11UITests.swift */ = {isa = PBXFileReference; lastKnownFileType = sourcecode.swift; path = _11UITests.swift; sourceTree = "<group>"; };
		CE6E15272962D4C100A3CF59 /* _11UITestsLaunchTests.swift */ = {isa = PBXFileReference; lastKnownFileType = sourcecode.swift; path = _11UITestsLaunchTests.swift; sourceTree = "<group>"; };
/* End PBXFileReference section */

/* Begin PBXFrameworksBuildPhase section */
		CE6E14FE2962D4C000A3CF59 /* Frameworks */ = {
			isa = PBXFrameworksBuildPhase;
			buildActionMask = 2147483647;
			files = (
			);
			runOnlyForDeploymentPostprocessing = 0;
		};
		CE6E15142962D4C100A3CF59 /* Frameworks */ = {
			isa = PBXFrameworksBuildPhase;
			buildActionMask = 2147483647;
			files = (
			);
			runOnlyForDeploymentPostprocessing = 0;
		};
		CE6E151E2962D4C100A3CF59 /* Frameworks */ = {
			isa = PBXFrameworksBuildPhase;
			buildActionMask = 2147483647;
			files = (
			);
			runOnlyForDeploymentPostprocessing = 0;
		};
/* End PBXFrameworksBuildPhase section */

/* Begin PBXGroup section */
		CE6E14F82962D4C000A3CF59 = {
			isa = PBXGroup;
			children = (
				CE6E15032962D4C000A3CF59 /* 111 */,
				CE6E151A2962D4C100A3CF59 /* 111Tests */,
				CE6E15242962D4C100A3CF59 /* 111UITests */,
				CE6E15022962D4C000A3CF59 /* Products */,
			);
			sourceTree = "<group>";
		};
		CE6E15022962D4C000A3CF59 /* Products */ = {
			isa = PBXGroup;
			children = (
				CE6E15012962D4C000A3CF59 /* 111.app */,
				CE6E15172962D4C100A3CF59 /* 111Tests.xctest */,
				CE6E15212962D4C100A3CF59 /* 111UITests.xctest */,
			);
			name = Products;
			sourceTree = "<group>";
		};
		CE6E15032962D4C000A3CF59 /* 111 */ = {
			isa = PBXGroup;
			children = (
				CE6E15042962D4C000A3CF59 /* AppDelegate.swift */,
				CE6E15062962D4C000A3CF59 /* SceneDelegate.swift */,
				CE6E15082962D4C000A3CF59 /* ViewController.swift */,
				CE6E150A2962D4C000A3CF59 /* Main.storyboard */,
				CE6E150D2962D4C100A3CF59 /* Assets.xcassets */,
				CE6E150F2962D4C100A3CF59 /* LaunchScreen.storyboard */,
				CE6E15122962D4C100A3CF59 /* Info.plist */,
			);
			path = 111;
			sourceTree = "<group>";
		};
		CE6E151A2962D4C100A3CF59 /* 111Tests */ = {
			isa = PBXGroup;
			children = (
				CE6E151B2962D4C100A3CF59 /* _11Tests.swift */,
			);
			path = 111Tests;
			sourceTree = "<group>";
		};
		CE6E15242962D4C100A3CF59 /* 111UITests */ = {
			isa = PBXGroup;
			children = (
				CE6E15252962D4C100A3CF59 /* _11UITests.swift */,
				CE6E15272962D4C100A3CF59 /* _11UITestsLaunchTests.swift */,
			);
			path = 111UITests;
			sourceTree = "<group>";
		};
/* End PBXGroup section */

/* Begin PBXNativeTarget section */
		CE6E15002962D4C000A3CF59 /* 111 */ = {
			isa = PBXNativeTarget;
			buildConfigurationList = CE6E152B2962D4C100A3CF59 /* Build configuration list for PBXNativeTarget "111" */;
			buildPhases = (
				CE6E14FD2962D4C000A3CF59 /* Sources */,
				CE6E14FE2962D4C000A3CF59 /* Frameworks */,
				CE6E14FF2962D4C000A3CF59 /* Resources */,
			);
			buildRules = (
			);
			dependencies = (
			);
			name = 111;
			productName = 111;
			productReference = CE6E15012962D4C000A3CF59 /* 111.app */;
			productType = "com.apple.product-type.application";
		};
		CE6E15162962D4C100A3CF59 /* 111Tests */ = {
			isa = PBXNativeTarget;
			buildConfigurationList = CE6E152E2962D4C100A3CF59 /* Build configuration list for PBXNativeTarget "111Tests" */;
			buildPhases = (
				CE6E15132962D4C100A3CF59 /* Sources */,
				CE6E15142962D4C100A3CF59 /* Frameworks */,
				CE6E15152962D4C100A3CF59 /* Resources */,
			);
			buildRules = (
			);
			dependencies = (
				CE6E15192962D4C100A3CF59 /* PBXTargetDependency */,
			);
			name = 111Tests;
			productName = 111Tests;
			productReference = CE6E15172962D4C100A3CF59 /* 111Tests.xctest */;
			productType = "com.apple.product-type.bundle.unit-test";
		};
		CE6E15202962D4C100A3CF59 /* 111UITests */ = {
			isa = PBXNativeTarget;
			buildConfigurationList = CE6E15312962D4C100A3CF59 /* Build configuration list for PBXNativeTarget "111UITests" */;
			buildPhases = (
				CE6E151D2962D4C100A3CF59 /* Sources */,
				CE6E151E2962D4C100A3CF59 /* Frameworks */,
				CE6E151F2962D4C100A3CF59 /* Resources */,
			);
			buildRules = (
			);
			dependencies = (
				CE6E15232962D4C100A3CF59 /* PBXTargetDependency */,
			);
			name = 111UITests;
			productName = 111UITests;
			productReference = CE6E15212962D4C100A3CF59 /* 111UITests.xctest */;
			productType = "com.apple.product-type.bundle.ui-testing";
		};
/* End PBXNativeTarget section */

/* Begin PBXProject section */
		CE6E14F92962D4C000A3CF59 /* Project object */ = {
			isa = PBXProject;
			attributes = {
				BuildIndependentTargetsInParallel = 1;
				LastSwiftUpdateCheck = 1420;
				LastUpgradeCheck = 1420;
				TargetAttributes = {
					CE6E15002962D4C000A3CF59 = {
						CreatedOnToolsVersion = 14.2;
					};
					CE6E15162962D4C100A3CF59 = {
						CreatedOnToolsVersion = 14.2;
						TestTargetID = CE6E15002962D4C000A3CF59;
					};
					CE6E15202962D4C100A3CF59 = {
						CreatedOnToolsVersion = 14.2;
						TestTargetID = CE6E15002962D4C000A3CF59;
					};
				};
			};
			buildConfigurationList = CE6E14FC2962D4C000A3CF59 /* Build configuration list for PBXProject "111" */;
			compatibilityVersion = "Xcode 14.0";
			developmentRegion = en;
			hasScannedForEncodings = 0;
			knownRegions = (
				en,
				Base,
			);
			mainGroup = CE6E14F82962D4C000A3CF59;
			productRefGroup = CE6E15022962D4C000A3CF59 /* Products */;
			projectDirPath = "";
			projectRoot = "";
			targets = (
				CE6E15002962D4C000A3CF59 /* 111 */,
				CE6E15162962D4C100A3CF59 /* 111Tests */,
				CE6E15202962D4C100A3CF59 /* 111UITests */,
			);
		};
/* End PBXProject section */

/* Begin PBXResourcesBuildPhase section */
		CE6E14FF2962D4C000A3CF59 /* Resources */ = {
			isa = PBXResourcesBuildPhase;
			buildActionMask = 2147483647;
			files = (
				CE6E15112962D4C100A3CF59 /* LaunchScreen.storyboard in Resources */,
				CE6E150E2962D4C100A3CF59 /* Assets.xcassets in Resources */,
				CE6E150C2962D4C000A3CF59 /* Main.storyboard in Resources */,
			);
			runOnlyForDeploymentPostprocessing = 0;
		};
		CE6E15152962D4C100A3CF59 /* Resources */ = {
			isa = PBXResourcesBuildPhase;
			buildActionMask = 2147483647;
			files = (
			);
			runOnlyForDeploymentPostprocessing = 0;
		};
		CE6E151F2962D4C100A3CF59 /* Resources */ = {
			isa = PBXResourcesBuildPhase;
			buildActionMask = 2147483647;
			files = (
			);
			runOnlyForDeploymentPostprocessing = 0;
		};
/* End PBXResourcesBuildPhase section */

/* Begin PBXSourcesBuildPhase section */
		CE6E14FD2962D4C000A3CF59 /* Sources */ = {
			isa = PBXSourcesBuildPhase;
			buildActionMask = 2147483647;
			files = (
				CE6E15092962D4C000A3CF59 /* ViewController.swift in Sources */,
				CE6E15052962D4C000A3CF59 /* AppDelegate.swift in Sources */,
				CE6E15072962D4C000A3CF59 /* SceneDelegate.swift in Sources */,
			);
			runOnlyForDeploymentPostprocessing = 0;
		};
		CE6E15132962D4C100A3CF59 /* Sources */ = {
			isa = PBXSourcesBuildPhase;
			buildActionMask = 2147483647;
			files = (
				CE6E151C2962D4C100A3CF59 /* _11Tests.swift in Sources */,
			);
			runOnlyForDeploymentPostprocessing = 0;
		};
		CE6E151D2962D4C100A3CF59 /* Sources */ = {
			isa = PBXSourcesBuildPhase;
			buildActionMask = 2147483647;
			files = (
				CE6E15282962D4C100A3CF59 /* _11UITestsLaunchTests.swift in Sources */,
				CE6E15262962D4C100A3CF59 /* _11UITests.swift in Sources */,
			);
			runOnlyForDeploymentPostprocessing = 0;
		};
/* End PBXSourcesBuildPhase section */

/* Begin PBXTargetDependency section */
		CE6E15192962D4C100A3CF59 /* PBXTargetDependency */ = {
			isa = PBXTargetDependency;
			target = CE6E15002962D4C000A3CF59 /* 111 */;
			targetProxy = CE6E15182962D4C100A3CF59 /* PBXContainerItemProxy */;
		};
		CE6E15232962D4C100A3CF59 /* PBXTargetDependency */ = {
			isa = PBXTargetDependency;
			target = CE6E15002962D4C000A3CF59 /* 111 */;
			targetProxy = CE6E15222962D4C100A3CF59 /* PBXContainerItemProxy */;
		};
/* End PBXTargetDependency section */

/* Begin PBXVariantGroup section */
		CE6E150A2962D4C000A3CF59 /* Main.storyboard */ = {
			isa = PBXVariantGroup;
			children = (
				CE6E150B2962D4C000A3CF59 /* Base */,
			);
			name = Main.storyboard;
			sourceTree = "<group>";
		};
		CE6E150F2962D4C100A3CF59 /* LaunchScreen.storyboard */ = {
			isa = PBXVariantGroup;
			children = (
				CE6E15102962D4C100A3CF59 /* Base */,
			);
			name = LaunchScreen.storyboard;
			sourceTree = "<group>";
		};
/* End PBXVariantGroup section */

/* Begin XCBuildConfiguration section */
		CE6E15292962D4C100A3CF59 /* Debug */ = {
			isa = XCBuildConfiguration;
			buildSettings = {
				ALWAYS_SEARCH_USER_PATHS = NO;
				CLANG_ANALYZER_NONNULL = YES;
				CLANG_ANALYZER_NUMBER_OBJECT_CONVERSION = YES_AGGRESSIVE;
				CLANG_CXX_LANGUAGE_STANDARD = "gnu++20";
				CLANG_ENABLE_MODULES = YES;
				CLANG_ENABLE_OBJC_ARC = YES;
				CLANG_ENABLE_OBJC_WEAK = YES;
				CLANG_WARN_BLOCK_CAPTURE_AUTORELEASING = YES;
				CLANG_WARN_BOOL_CONVERSION = YES;
				CLANG_WARN_COMMA = YES;
				CLANG_WARN_CONSTANT_CONVERSION = YES;
				CLANG_WARN_DEPRECATED_OBJC_IMPLEMENTATIONS = YES;
				CLANG_WARN_DIRECT_OBJC_ISA_USAGE = YES_ERROR;
				CLANG_WARN_DOCUMENTATION_COMMENTS = YES;
				CLANG_WARN_EMPTY_BODY = YES;
				CLANG_WARN_ENUM_CONVERSION = YES;
				CLANG_WARN_INFINITE_RECURSION = YES;
				CLANG_WARN_INT_CONVERSION = YES;
				CLANG_WARN_NON_LITERAL_NULL_CONVERSION = YES;
				CLANG_WARN_OBJC_IMPLICIT_RETAIN_SELF = YES;
				CLANG_WARN_OBJC_LITERAL_CONVERSION = YES;
				CLANG_WARN_OBJC_ROOT_CLASS = YES_ERROR;
				CLANG_WARN_QUOTED_INCLUDE_IN_FRAMEWORK_HEADER = YES;
				CLANG_WARN_RANGE_LOOP_ANALYSIS = YES;
				CLANG_WARN_STRICT_PROTOTYPES = YES;
				CLANG_WARN_SUSPICIOUS_MOVE = YES;
				CLANG_WARN_UNGUARDED_AVAILABILITY = YES_AGGRESSIVE;
				CLANG_WARN_UNREACHABLE_CODE = YES;
				CLANG_WARN__DUPLICATE_METHOD_MATCH = YES;
				COPY_PHASE_STRIP = NO;
				DEBUG_INFORMATION_FORMAT = dwarf;
				ENABLE_STRICT_OBJC_MSGSEND = YES;
				ENABLE_TESTABILITY = YES;
				GCC_C_LANGUAGE_STANDARD = gnu11;
				GCC_DYNAMIC_NO_PIC = NO;
				GCC_NO_COMMON_BLOCKS = YES;
				GCC_OPTIMIZATION_LEVEL = 0;
				GCC_PREPROCESSOR_DEFINITIONS = (
					"DEBUG=1",
					"$(inherited)",
				);
				GCC_WARN_64_TO_32_BIT_CONVERSION = YES;
				GCC_WARN_ABOUT_RETURN_TYPE = YES_ERROR;
				GCC_WARN_UNDECLARED_SELECTOR = YES;
				GCC_WARN_UNINITIALIZED_AUTOS = YES_AGGRESSIVE;
				GCC_WARN_UNUSED_FUNCTION = YES;
				GCC_WARN_UNUSED_VARIABLE = YES;
				IPHONEOS_DEPLOYMENT_TARGET = 16.2;
				MTL_ENABLE_DEBUG_INFO = INCLUDE_SOURCE;
				MTL_FAST_MATH = YES;
				ONLY_ACTIVE_ARCH = YES;
				SDKROOT = iphoneos;
				SWIFT_ACTIVE_COMPILATION_CONDITIONS = DEBUG;
				SWIFT_OPTIMIZATION_LEVEL = "-Onone";
			};
			name = Debug;
		};
		CE6E152A2962D4C100A3CF59 /* Release */ = {
			isa = XCBuildConfiguration;
			buildSettings = {
				ALWAYS_SEARCH_USER_PATHS = NO;
				CLANG_ANALYZER_NONNULL = YES;
				CLANG_ANALYZER_NUMBER_OBJECT_CONVERSION = YES_AGGRESSIVE;
				CLANG_CXX_LANGUAGE_STANDARD = "gnu++20";
				CLANG_ENABLE_MODULES = YES;
				CLANG_ENABLE_OBJC_ARC = YES;
				CLANG_ENABLE_OBJC_WEAK = YES;
				CLANG_WARN_BLOCK_CAPTURE_AUTORELEASING = YES;
				CLANG_WARN_BOOL_CONVERSION = YES;
				CLANG_WARN_COMMA = YES;
				CLANG_WARN_CONSTANT_CONVERSION = YES;
				CLANG_WARN_DEPRECATED_OBJC_IMPLEMENTATIONS = YES;
				CLANG_WARN_DIRECT_OBJC_ISA_USAGE = YES_ERROR;
				CLANG_WARN_DOCUMENTATION_COMMENTS = YES;
				CLANG_WARN_EMPTY_BODY = YES;
				CLANG_WARN_ENUM_CONVERSION = YES;
				CLANG_WARN_INFINITE_RECURSION = YES;
				CLANG_WARN_INT_CONVERSION = YES;
				CLANG_WARN_NON_LITERAL_NULL_CONVERSION = YES;
				CLANG_WARN_OBJC_IMPLICIT_RETAIN_SELF = YES;
				CLANG_WARN_OBJC_LITERAL_CONVERSION = YES;
				CLANG_WARN_OBJC_ROOT_CLASS = YES_ERROR;
				CLANG_WARN_QUOTED_INCLUDE_IN_FRAMEWORK_HEADER = YES;
				CLANG_WARN_RANGE_LOOP_ANALYSIS = YES;
				CLANG_WARN_STRICT_PROTOTYPES = YES;
				CLANG_WARN_SUSPICIOUS_MOVE = YES;
				CLANG_WARN_UNGUARDED_AVAILABILITY = YES_AGGRESSIVE;
				CLANG_WARN_UNREACHABLE_CODE = YES;
				CLANG_WARN__DUPLICATE_METHOD_MATCH = YES;
				COPY_PHASE_STRIP = NO;
				DEBUG_INFORMATION_FORMAT = "dwarf-with-dsym";
				ENABLE_NS_ASSERTIONS = NO;
				ENABLE_STRICT_OBJC_MSGSEND = YES;
				GCC_C_LANGUAGE_STANDARD = gnu11;
				GCC_NO_COMMON_BLOCKS = YES;
				GCC_WARN_64_TO_32_BIT_CONVERSION = YES;
				GCC_WARN_ABOUT_RETURN_TYPE = YES_ERROR;
				GCC_WARN_UNDECLARED_SELECTOR = YES;
				GCC_WARN_UNINITIALIZED_AUTOS = YES_AGGRESSIVE;
				GCC_WARN_UNUSED_FUNCTION = YES;
				GCC_WARN_UNUSED_VARIABLE = YES;
				IPHONEOS_DEPLOYMENT_TARGET = 16.2;
				MTL_ENABLE_DEBUG_INFO = NO;
				MTL_FAST_MATH = YES;
				SDKROOT = iphoneos;
				SWIFT_COMPILATION_MODE = wholemodule;
				SWIFT_OPTIMIZATION_LEVEL = "-O";
				VALIDATE_PRODUCT = YES;
			};
			name = Release;
		};
		CE6E152C2962D4C100A3CF59 /* Debug */ = {
			isa = XCBuildConfiguration;
			buildSettings = {
				ASSETCATALOG_COMPILER_APPICON_NAME = AppIcon;
				ASSETCATALOG_COMPILER_GLOBAL_ACCENT_COLOR_NAME = AccentColor;
				CODE_SIGN_STYLE = Automatic;
				CURRENT_PROJECT_VERSION = 1;
				DEVELOPMENT_TEAM = AGF888USR7;
				GENERATE_INFOPLIST_FILE = YES;
				INFOPLIST_FILE = 111/Info.plist;
				INFOPLIST_KEY_UIApplicationSupportsIndirectInputEvents = YES;
				INFOPLIST_KEY_UILaunchStoryboardName = LaunchScreen;
				INFOPLIST_KEY_UIMainStoryboardFile = Main;
				INFOPLIST_KEY_UISupportedInterfaceOrientations_iPad = "UIInterfaceOrientationPortrait UIInterfaceOrientationPortraitUpsideDown UIInterfaceOrientationLandscapeLeft UIInterfaceOrientationLandscapeRight";
				INFOPLIST_KEY_UISupportedInterfaceOrientations_iPhone = "UIInterfaceOrientationPortrait UIInterfaceOrientationLandscapeLeft UIInterfaceOrientationLandscapeRight";
				LD_RUNPATH_SEARCH_PATHS = (
					"$(inherited)",
					"@executable_path/Frameworks",
				);
				MARKETING_VERSION = 1.0;
				PRODUCT_BUNDLE_IDENTIFIER = "-.-11";
				PRODUCT_NAME = "$(TARGET_NAME)";
				SWIFT_EMIT_LOC_STRINGS = YES;
				SWIFT_VERSION = 5.0;
				TARGETED_DEVICE_FAMILY = "1,2";
			};
			name = Debug;
		};
		CE6E152D2962D4C100A3CF59 /* Release */ = {
			isa = XCBuildConfiguration;
			buildSettings = {
				ASSETCATALOG_COMPILER_APPICON_NAME = AppIcon;
				ASSETCATALOG_COMPILER_GLOBAL_ACCENT_COLOR_NAME = AccentColor;
				CODE_SIGN_STYLE = Automatic;
				CURRENT_PROJECT_VERSION = 1;
				DEVELOPMENT_TEAM = AGF888USR7;
				GENERATE_INFOPLIST_FILE = YES;
				INFOPLIST_FILE = 111/Info.plist;
				INFOPLIST_KEY_UIApplicationSupportsIndirectInputEvents = YES;
				INFOPLIST_KEY_UILaunchStoryboardName = LaunchScreen;
				INFOPLIST_KEY_UIMainStoryboardFile = Main;
				INFOPLIST_KEY_UISupportedInterfaceOrientations_iPad = "UIInterfaceOrientationPortrait UIInterfaceOrientationPortraitUpsideDown UIInterfaceOrientationLandscapeLeft UIInterfaceOrientationLandscapeRight";
				INFOPLIST_KEY_UISupportedInterfaceOrientations_iPhone = "UIInterfaceOrientationPortrait UIInterfaceOrientationLandscapeLeft UIInterfaceOrientationLandscapeRight";
				LD_RUNPATH_SEARCH_PATHS = (
					"$(inherited)",
					"@executable_path/Frameworks",
				);
				MARKETING_VERSION = 1.0;
				PRODUCT_BUNDLE_IDENTIFIER = "-.-11";
				PRODUCT_NAME = "$(TARGET_NAME)";
				SWIFT_EMIT_LOC_STRINGS = YES;
				SWIFT_VERSION = 5.0;
				TARGETED_DEVICE_FAMILY = "1,2";
			};
			name = Release;
		};
		CE6E152F2962D4C100A3CF59 /* Debug */ = {
			isa = XCBuildConfiguration;
			buildSettings = {
				ALWAYS_EMBED_SWIFT_STANDARD_LIBRARIES = YES;
				BUNDLE_LOADER = "$(TEST_HOST)";
				CODE_SIGN_STYLE = Automatic;
				CURRENT_PROJECT_VERSION = 1;
				DEVELOPMENT_TEAM = AGF888USR7;
				GENERATE_INFOPLIST_FILE = YES;
				IPHONEOS_DEPLOYMENT_TARGET = 16.2;
				MARKETING_VERSION = 1.0;
				PRODUCT_BUNDLE_IDENTIFIER = "-.-11Tests";
				PRODUCT_NAME = "$(TARGET_NAME)";
				SWIFT_EMIT_LOC_STRINGS = NO;
				SWIFT_VERSION = 5.0;
				TARGETED_DEVICE_FAMILY = "1,2";
				TEST_HOST = "$(BUILT_PRODUCTS_DIR)/111.app/$(BUNDLE_EXECUTABLE_FOLDER_PATH)/111";
			};
			name = Debug;
		};
		CE6E15302962D4C100A3CF59 /* Release */ = {
			isa = XCBuildConfiguration;
			buildSettings = {
				ALWAYS_EMBED_SWIFT_STANDARD_LIBRARIES = YES;
				BUNDLE_LOADER = "$(TEST_HOST)";
				CODE_SIGN_STYLE = Automatic;
				CURRENT_PROJECT_VERSION = 1;
				DEVELOPMENT_TEAM = AGF888USR7;
				GENERATE_INFOPLIST_FILE = YES;
				IPHONEOS_DEPLOYMENT_TARGET = 16.2;
				MARKETING_VERSION = 1.0;
				PRODUCT_BUNDLE_IDENTIFIER = "-.-11Tests";
				PRODUCT_NAME = "$(TARGET_NAME)";
				SWIFT_EMIT_LOC_STRINGS = NO;
				SWIFT_VERSION = 5.0;
				TARGETED_DEVICE_FAMILY = "1,2";
				TEST_HOST = "$(BUILT_PRODUCTS_DIR)/111.app/$(BUNDLE_EXECUTABLE_FOLDER_PATH)/111";
			};
			name = Release;
		};
		CE6E15322962D4C100A3CF59 /* Debug */ = {
			isa = XCBuildConfiguration;
			buildSettings = {
				ALWAYS_EMBED_SWIFT_STANDARD_LIBRARIES = YES;
				CODE_SIGN_STYLE = Automatic;
				CURRENT_PROJECT_VERSION = 1;
				DEVELOPMENT_TEAM = AGF888USR7;
				GENERATE_INFOPLIST_FILE = YES;
				MARKETING_VERSION = 1.0;
				PRODUCT_BUNDLE_IDENTIFIER = "-.-11UITests";
				PRODUCT_NAME = "$(TARGET_NAME)";
				SWIFT_EMIT_LOC_STRINGS = NO;
				SWIFT_VERSION = 5.0;
				TARGETED_DEVICE_FAMILY = "1,2";
				TEST_TARGET_NAME = 111;
			};
			name = Debug;
		};
		CE6E15332962D4C100A3CF59 /* Release */ = {
			isa = XCBuildConfiguration;
			buildSettings = {
				ALWAYS_EMBED_SWIFT_STANDARD_LIBRARIES = YES;
				CODE_SIGN_STYLE = Automatic;
				CURRENT_PROJECT_VERSION = 1;
				DEVELOPMENT_TEAM = AGF888USR7;
				GENERATE_INFOPLIST_FILE = YES;
				MARKETING_VERSION = 1.0;
				PRODUCT_BUNDLE_IDENTIFIER = "-.-11UITests";
				PRODUCT_NAME = "$(TARGET_NAME)";
				SWIFT_EMIT_LOC_STRINGS = NO;
				SWIFT_VERSION = 5.0;
				TARGETED_DEVICE_FAMILY = "1,2";
				TEST_TARGET_NAME = 111;
			};
			name = Release;
		};
/* End XCBuildConfiguration section */

/* Begin XCConfigurationList section */
		CE6E14FC2962D4C000A3CF59 /* Build configuration list for PBXProject "111" */ = {
			isa = XCConfigurationList;
			buildConfigurations = (
				CE6E15292962D4C100A3CF59 /* Debug */,
				CE6E152A2962D4C100A3CF59 /* Release */,
			);
			defaultConfigurationIsVisible = 0;
			defaultConfigurationName = Release;
		};
		CE6E152B2962D4C100A3CF59 /* Build configuration list for PBXNativeTarget "111" */ = {
			isa = XCConfigurationList;
			buildConfigurations = (
				CE6E152C2962D4C100A3CF59 /* Debug */,
				CE6E152D2962D4C100A3CF59 /* Release */,
			);
			defaultConfigurationIsVisible = 0;
			defaultConfigurationName = Release;
		};
		CE6E152E2962D4C100A3CF59 /* Build configuration list for PBXNativeTarget "111Tests" */ = {
			isa = XCConfigurationList;
			buildConfigurations = (
				CE6E152F2962D4C100A3CF59 /* Debug */,
				CE6E15302962D4C100A3CF59 /* Release */,
			);
			defaultConfigurationIsVisible = 0;
			defaultConfigurationName = Release;
		};
		CE6E15312962D4C100A3CF59 /* Build configuration list for PBXNativeTarget "111UITests" */ = {
			isa = XCConfigurationList;
			buildConfigurations = (
				CE6E15322962D4C100A3CF59 /* Debug */,
				CE6E15332962D4C100A3CF59 /* Release */,
			);
			defaultConfigurationIsVisible = 0;
			defaultConfigurationName = Release;
		};
/* End XCConfigurationList section */
	};
	rootObject = CE6E14F92962D4C000A3CF59 /* Project object */;
}
